
Microsoft Visual Studio Solution File, Format Version 12.00
# Visual Studio Version 16
VisualStudioVersion = 16.0.30907.101
MinimumVisualStudioVersion = 10.0.40219.1
Project("{FAE04EC0-301F-11D3-BF4B-00C04F79EFBC}") = "HotelListing", "HotelListing\HotelListing.csproj", "{BAA2F2C9-6685-48BD-853A-D29754F2E046}"
EndProject
Global
	GlobalSection(SolutionConfigurationPlatforms) = preSolution
		Debug|Any CPU = Debug|Any CPU
		Release|Any CPU = Release|Any CPU
	EndGlobalSection
	GlobalSection(ProjectConfigurationPlatforms) = postSolution
		{BAA2F2C9-6685-48BD-853A-D29754F2E046}.Debug|Any CPU.ActiveCfg = Debug|Any CPU
		{BAA2F2C9-6685-48BD-853A-D29754F2E046}.Debug|Any CPU.Build.0 = Debug|Any CPU
		{BAA2F2C9-6685-48BD-853A-D29754F2E046}.Release|Any CPU.ActiveCfg = Release|Any CPU
		{BAA2F2C9-6685-48BD-853A-D29754F2E046}.Release|Any CPU.Build.0 = Release|Any CPU
	EndGlobalSection
	GlobalSection(SolutionProperties) = preSolution
		HideSolutionNode = FALSE
	EndGlobalSection
	GlobalSection(ExtensibilityGlobals) = postSolution
		SolutionGuid = {A9B836E2-D1C1-4C23-A7D9-2E462E0A952B}
	EndGlobalSection
EndGlobal
